# THIS IS AN AUTOGENERATED FILE. DO NOT EDIT THIS FILE DIRECTLY.
# yarn lockfile v1


camelcase@~4.1.0:
  version "4.1.0"
  resolved "https://registry.yarnpkg.com/camelcase/-/camelcase-4.1.0.tgz#d545635be1e33c542649c69173e5de6acfae34dd"

foldline@~1.0.0:
  version "1.0.0"
  resolved "https://registry.yarnpkg.com/foldline/-/foldline-1.0.0.tgz#59b0ff2a9c51e0ed2bed94cad156153b58191009"

vcf@^1.2.0:
  version "1.2.0"
  resolved "https://registry.yarnpkg.com/vcf/-/vcf-1.2.0.tgz#13dd219e036fca241a32fc44479894961a8e27c3"
  dependencies:
    camelcase "~4.1.0"
    foldline "~1.0.0"
